
Microsoft Visual Studio Solution File, Format Version 12.00
# Visual Studio Version 16
VisualStudioVersion = 16.0.30523.141
MinimumVisualStudioVersion = 10.0.40219.1
Project("{FAE04EC0-301F-11D3-BF4B-00C04F79EFBC}") = "MVCCaching", "MVCCaching\MVCCaching.csproj", "{264A3577-3967-4F45-9FCB-B2C2A4603118}"
EndProject
Project("{FAE04EC0-301F-11D3-BF4B-00C04F79EFBC}") = "MVCCaching.Kentico", "MVCCaching.Kentico\MVCCaching.Kentico.csproj", "{477BC906-7B51-4581-B307-E6AD06C098DD}"
EndProject
Global
	GlobalSection(SolutionConfigurationPlatforms) = preSolution
		Debug|Any CPU = Debug|Any CPU
		Release|Any CPU = Release|Any CPU
	EndGlobalSection
	GlobalSection(ProjectConfigurationPlatforms) = postSolution
		{264A3577-3967-4F45-9FCB-B2C2A4603118}.Debug|Any CPU.ActiveCfg = Debug|Any CPU
		{264A3577-3967-4F45-9FCB-B2C2A4603118}.Debug|Any CPU.Build.0 = Debug|Any CPU
		{264A3577-3967-4F45-9FCB-B2C2A4603118}.Release|Any CPU.ActiveCfg = Release|Any CPU
		{264A3577-3967-4F45-9FCB-B2C2A4603118}.Release|Any CPU.Build.0 = Release|Any CPU
		{477BC906-7B51-4581-B307-E6AD06C098DD}.Debug|Any CPU.ActiveCfg = Debug|Any CPU
		{477BC906-7B51-4581-B307-E6AD06C098DD}.Debug|Any CPU.Build.0 = Debug|Any CPU
		{477BC906-7B51-4581-B307-E6AD06C098DD}.Release|Any CPU.ActiveCfg = Release|Any CPU
		{477BC906-7B51-4581-B307-E6AD06C098DD}.Release|Any CPU.Build.0 = Release|Any CPU
	EndGlobalSection
	GlobalSection(SolutionProperties) = preSolution
		HideSolutionNode = FALSE
	EndGlobalSection
	GlobalSection(ExtensibilityGlobals) = postSolution
		SolutionGuid = {709CEE55-6E68-49C2-B359-B19CB1CED13A}
	EndGlobalSection
EndGlobal
